
Microsoft Visual Studio Solution File, Format Version 12.00
# Visual Studio 15
VisualStudioVersion = 15.0.27705.2000
MinimumVisualStudioVersion = 10.0.40219.1
Project("{FAE04EC0-301F-11D3-BF4B-00C04F79EFBC}") = "RSTK", "RSTK.csproj", "{81E8530D-A53F-46F5-9DA7-69D5789A7D6E}"
EndProject
Project("{FAE04EC0-301F-11D3-BF4B-00C04F79EFBC}") = "Marzersoft", "%MARZERSOFT_LIB_PATH%\Marzersoft\Marzersoft.csproj", "{73858149-A09B-41B4-A64C-C6A78CBFAF2D}"
EndProject
Global
	GlobalSection(SolutionConfigurationPlatforms) = preSolution
		Debug|Any CPU = Debug|Any CPU
		Release|Any CPU = Release|Any CPU
	EndGlobalSection
	GlobalSection(ProjectConfigurationPlatforms) = postSolution
		{81E8530D-A53F-46F5-9DA7-69D5789A7D6E}.Debug|Any CPU.ActiveCfg = Debug|Any CPU
		{81E8530D-A53F-46F5-9DA7-69D5789A7D6E}.Debug|Any CPU.Build.0 = Debug|Any CPU
		{81E8530D-A53F-46F5-9DA7-69D5789A7D6E}.Release|Any CPU.ActiveCfg = Release|Any CPU
		{81E8530D-A53F-46F5-9DA7-69D5789A7D6E}.Release|Any CPU.Build.0 = Release|Any CPU
		{73858149-A09B-41B4-A64C-C6A78CBFAF2D}.Debug|Any CPU.ActiveCfg = Debug|Any CPU
		{73858149-A09B-41B4-A64C-C6A78CBFAF2D}.Debug|Any CPU.Build.0 = Debug|Any CPU
		{73858149-A09B-41B4-A64C-C6A78CBFAF2D}.Release|Any CPU.ActiveCfg = Release|Any CPU
		{73858149-A09B-41B4-A64C-C6A78CBFAF2D}.Release|Any CPU.Build.0 = Release|Any CPU
	EndGlobalSection
	GlobalSection(SolutionProperties) = preSolution
		HideSolutionNode = FALSE
	EndGlobalSection
	GlobalSection(ExtensibilityGlobals) = postSolution
		SolutionGuid = {30C90AB0-DF08-40B1-A657-3D79AA2D1A69}
	EndGlobalSection
EndGlobal
